{
  "name": "node-dice",
  "version": "1.0.0",
  "lockfileVersion": 2,
  "requires": true,
  "packages": {
    "": {
      "name": "node-dice",
      "version": "1.0.0",
      "license": "MIT",
      "dependencies": {
        "minimist": "^1.2.7",
        "node-dice": "^0.0.2",
        "roll-dice": "^0.2.1"
      },
      "bin": {
        "roll-dice": ".bin/cli.js"
      }
    },
    "node_modules/intersect": {
      "version": "0.0.3",
      "resolved": "https://registry.npmjs.org/intersect/-/intersect-0.0.3.tgz",
      "integrity": "sha512-Bp/mSG9dsq/eOMk2Q7DyjKxY62TTU2RvNvycjXHhi5TjrA72H+I3c5+1nAOAqtENcrQvCb5NDlsoPWJ4Bh01SA=="
    },
    "node_modules/minimist": {
      "version": "1.2.7",
      "resolved": "https://registry.npmjs.org/minimist/-/minimist-1.2.7.tgz",
      "integrity": "sha512-bzfL1YUZsP41gmu/qjrEk0Q6i2ix/cVeAhbCbqH9u3zYutS1cLg00qhrD0M2MVdCcx4Sc0UpP2eBWo9rotpq6g==",
      "funding": {
        "url": "https://github.com/sponsors/ljharb"
      }
    },
    "node_modules/node-dice": {
      "version": "0.0.2",
      "resolved": "https://registry.npmjs.org/node-dice/-/node-dice-0.0.2.tgz",
      "integrity": "sha512-4majtuV1o7WRO4S2uoapnJYIMRs0910beUrJJJ7vQ2JkgRVH1BneMo+oG5//N3+rFF79jtaEXNMtMgoVEMFpRQ==",
      "dependencies": {
        "intersect": "0.0.3"
      }
    },
    "node_modules/roll-dice": {
      "version": "0.2.1",
      "resolved": "https://registry.npmjs.org/roll-dice/-/roll-dice-0.2.1.tgz",
      "integrity": "sha512-WN/AVSMAx1sJj0HFWtVS4DZbX8QotUYwqAXxOVsuuBLSDXJfpEmfESq4TsFmK0wWnOwR0KikwWVPEcS2UBFx4w=="
    }
  },
  "dependencies": {
    "intersect": {
      "version": "0.0.3",
      "resolved": "https://registry.npmjs.org/intersect/-/intersect-0.0.3.tgz",
      "integrity": "sha512-Bp/mSG9dsq/eOMk2Q7DyjKxY62TTU2RvNvycjXHhi5TjrA72H+I3c5+1nAOAqtENcrQvCb5NDlsoPWJ4Bh01SA=="
    },
    "minimist": {
      "version": "1.2.7",
      "resolved": "https://registry.npmjs.org/minimist/-/minimist-1.2.7.tgz",
      "integrity": "sha512-bzfL1YUZsP41gmu/qjrEk0Q6i2ix/cVeAhbCbqH9u3zYutS1cLg00qhrD0M2MVdCcx4Sc0UpP2eBWo9rotpq6g=="
    },
    "node-dice": {
      "version": "0.0.2",
      "resolved": "https://registry.npmjs.org/node-dice/-/node-dice-0.0.2.tgz",
      "integrity": "sha512-4majtuV1o7WRO4S2uoapnJYIMRs0910beUrJJJ7vQ2JkgRVH1BneMo+oG5//N3+rFF79jtaEXNMtMgoVEMFpRQ==",
      "requires": {
        "intersect": "0.0.3"
      }
    },
    "roll-dice": {
      "version": "0.2.1",
      "resolved": "https://registry.npmjs.org/roll-dice/-/roll-dice-0.2.1.tgz",
      "integrity": "sha512-WN/AVSMAx1sJj0HFWtVS4DZbX8QotUYwqAXxOVsuuBLSDXJfpEmfESq4TsFmK0wWnOwR0KikwWVPEcS2UBFx4w=="
    }
  }
}
